
Microsoft Visual Studio Solution File, Format Version 12.00
# Visual Studio Version 16
VisualStudioVersion = 16.0.29806.167
MinimumVisualStudioVersion = 10.0.40219.1
Project("{9A19103F-16F7-4668-BE54-9A1E7A4F7556}") = "EasySample", "EasySample.csproj", "{7FE48A81-02A8-4618-87E5-E1A8283B02DE}"
EndProject
Project("{9A19103F-16F7-4668-BE54-9A1E7A4F7556}") = "Common.Diagnostics", "..\..\..\Common.Diagnostics\Common.Diagnostics.csproj", "{3E11A70D-8E05-4465-AD20-2B5BBE21ED50}"
EndProject
Project("{9A19103F-16F7-4668-BE54-9A1E7A4F7556}") = "Common.Diagnostics.Core", "..\..\..\Common.Diagnostics.Core\Common.Diagnostics.Core.csproj", "{ED35F462-F0A7-4BB3-8F67-3BA7938CDD12}"
EndProject
Project("{9A19103F-16F7-4668-BE54-9A1E7A4F7556}") = "Common.Diagnostics.Full", "..\..\..\Common.Diagnostics.Full\Common.Diagnostics.Full.csproj", "{3CB05890-DC23-42B4-93BC-341BAEDD9323}"
EndProject
Project("{9A19103F-16F7-4668-BE54-9A1E7A4F7556}") = "Common.Diagnostics.Win", "..\..\..\Common.Diagnostics.Win\Common.Diagnostics.Win.csproj", "{69CDB8E9-9BB8-4C47-91D9-F1B5CDC9FC59}"
EndProject
Project("{9A19103F-16F7-4668-BE54-9A1E7A4F7556}") = "Common.Diagnostics.Log4net", "..\..\..\Common.Diagnostics.Log4net\Common.Diagnostics.Log4net.csproj", "{6411F9FE-5AC6-447B-A321-BF115ACF40A1}"
EndProject
Project("{9A19103F-16F7-4668-BE54-9A1E7A4F7556}") = "Common.Diagnostics.AppInsights", "..\..\..\Common.Diagnostics.AppInsights\Common.Diagnostics.AppInsights.csproj", "{7B1203A9-6692-435A-8296-0DA715B6895E}"
EndProject
Project("{9A19103F-16F7-4668-BE54-9A1E7A4F7556}") = "Common.Diagnostics.Serilog", "..\..\..\Common.Diagnostics.Serilog\Common.Diagnostics.Serilog.csproj", "{F694BD66-567F-436C-ACB3-22BCDE0AF526}"
EndProject
Global
	GlobalSection(SolutionConfigurationPlatforms) = preSolution
		Debug|Any CPU = Debug|Any CPU
		Release|Any CPU = Release|Any CPU
	EndGlobalSection
	GlobalSection(ProjectConfigurationPlatforms) = postSolution
		{7FE48A81-02A8-4618-87E5-E1A8283B02DE}.Debug|Any CPU.ActiveCfg = Debug|Any CPU
		{7FE48A81-02A8-4618-87E5-E1A8283B02DE}.Debug|Any CPU.Build.0 = Debug|Any CPU
		{7FE48A81-02A8-4618-87E5-E1A8283B02DE}.Release|Any CPU.ActiveCfg = Release|Any CPU
		{7FE48A81-02A8-4618-87E5-E1A8283B02DE}.Release|Any CPU.Build.0 = Release|Any CPU
		{3E11A70D-8E05-4465-AD20-2B5BBE21ED50}.Debug|Any CPU.ActiveCfg = Debug|Any CPU
		{3E11A70D-8E05-4465-AD20-2B5BBE21ED50}.Debug|Any CPU.Build.0 = Debug|Any CPU
		{3E11A70D-8E05-4465-AD20-2B5BBE21ED50}.Release|Any CPU.ActiveCfg = Release|Any CPU
		{3E11A70D-8E05-4465-AD20-2B5BBE21ED50}.Release|Any CPU.Build.0 = Release|Any CPU
		{ED35F462-F0A7-4BB3-8F67-3BA7938CDD12}.Debug|Any CPU.ActiveCfg = Debug|Any CPU
		{ED35F462-F0A7-4BB3-8F67-3BA7938CDD12}.Debug|Any CPU.Build.0 = Debug|Any CPU
		{ED35F462-F0A7-4BB3-8F67-3BA7938CDD12}.Release|Any CPU.ActiveCfg = Release|Any CPU
		{ED35F462-F0A7-4BB3-8F67-3BA7938CDD12}.Release|Any CPU.Build.0 = Release|Any CPU
		{3CB05890-DC23-42B4-93BC-341BAEDD9323}.Debug|Any CPU.ActiveCfg = Debug|Any CPU
		{3CB05890-DC23-42B4-93BC-341BAEDD9323}.Debug|Any CPU.Build.0 = Debug|Any CPU
		{3CB05890-DC23-42B4-93BC-341BAEDD9323}.Release|Any CPU.ActiveCfg = Release|Any CPU
		{3CB05890-DC23-42B4-93BC-341BAEDD9323}.Release|Any CPU.Build.0 = Release|Any CPU
		{69CDB8E9-9BB8-4C47-91D9-F1B5CDC9FC59}.Debug|Any CPU.ActiveCfg = Debug|Any CPU
		{69CDB8E9-9BB8-4C47-91D9-F1B5CDC9FC59}.Debug|Any CPU.Build.0 = Debug|Any CPU
		{69CDB8E9-9BB8-4C47-91D9-F1B5CDC9FC59}.Release|Any CPU.ActiveCfg = Release|Any CPU
		{69CDB8E9-9BB8-4C47-91D9-F1B5CDC9FC59}.Release|Any CPU.Build.0 = Release|Any CPU
		{6411F9FE-5AC6-447B-A321-BF115ACF40A1}.Debug|Any CPU.ActiveCfg = Debug|Any CPU
		{6411F9FE-5AC6-447B-A321-BF115ACF40A1}.Debug|Any CPU.Build.0 = Debug|Any CPU
		{6411F9FE-5AC6-447B-A321-BF115ACF40A1}.Release|Any CPU.ActiveCfg = Release|Any CPU
		{6411F9FE-5AC6-447B-A321-BF115ACF40A1}.Release|Any CPU.Build.0 = Release|Any CPU
		{7B1203A9-6692-435A-8296-0DA715B6895E}.Debug|Any CPU.ActiveCfg = Debug|Any CPU
		{7B1203A9-6692-435A-8296-0DA715B6895E}.Debug|Any CPU.Build.0 = Debug|Any CPU
		{7B1203A9-6692-435A-8296-0DA715B6895E}.Release|Any CPU.ActiveCfg = Release|Any CPU
		{7B1203A9-6692-435A-8296-0DA715B6895E}.Release|Any CPU.Build.0 = Release|Any CPU
		{F694BD66-567F-436C-ACB3-22BCDE0AF526}.Debug|Any CPU.ActiveCfg = Debug|Any CPU
		{F694BD66-567F-436C-ACB3-22BCDE0AF526}.Debug|Any CPU.Build.0 = Debug|Any CPU
		{F694BD66-567F-436C-ACB3-22BCDE0AF526}.Release|Any CPU.ActiveCfg = Release|Any CPU
		{F694BD66-567F-436C-ACB3-22BCDE0AF526}.Release|Any CPU.Build.0 = Release|Any CPU
	EndGlobalSection
	GlobalSection(SolutionProperties) = preSolution
		HideSolutionNode = FALSE
	EndGlobalSection
	GlobalSection(ExtensibilityGlobals) = postSolution
		SolutionGuid = {A181BBA6-FD41-4A74-97D4-C995830CD52D}
	EndGlobalSection
EndGlobal
